// !$*UTF8*$!
{
	archiveVersion = 1;
	classes = {
	};
	objectVersion = 50;
	objects = {

/* Begin PBXBuildFile section */
		7F6A1881265A911000D7D8D8 /* ExponentialDistributionProbabilities.swift in Sources */ = {isa = PBXBuildFile; fileRef = 7F6A1880265A911000D7D8D8 /* ExponentialDistributionProbabilities.swift */; };
		7F8AC601263F22110075B43F /* GeometricDistributionCDF.swift in Sources */ = {isa = PBXBuildFile; fileRef = 7F8AC600263F22110075B43F /* GeometricDistributionCDF.swift */; };
		7FA3B33B263EEEF900C57530 /* main.swift in Sources */ = {isa = PBXBuildFile; fileRef = 7FA3B33A263EEEF900C57530 /* main.swift */; };
		7FA3B343263EEF2100C57530 /* StatisticalSwift.framework in Frameworks */ = {isa = PBXBuildFile; fileRef = 7FA3B342263EEF2100C57530 /* StatisticalSwift.framework */; };
		7FA3B344263EEF2100C57530 /* StatisticalSwift.framework in Embed Frameworks */ = {isa = PBXBuildFile; fileRef = 7FA3B342263EEF2100C57530 /* StatisticalSwift.framework */; settings = {ATTRIBUTES = (CodeSignOnCopy, RemoveHeadersOnCopy, ); }; };
		7FA3B348263F148600C57530 /* BernoulliTrials.swift in Sources */ = {isa = PBXBuildFile; fileRef = 7FA3B347263F148600C57530 /* BernoulliTrials.swift */; };
		7FA3B34A263F160B00C57530 /* GeometricDistributionPMF.swift in Sources */ = {isa = PBXBuildFile; fileRef = 7FA3B349263F160B00C57530 /* GeometricDistributionPMF.swift */; };
		7FA60E6D266ABBB5000329FF /* NormalDistributionProbabilities.swift in Sources */ = {isa = PBXBuildFile; fileRef = 7FA60E6C266ABBB5000329FF /* NormalDistributionProbabilities.swift */; };
		7FD49FE62649B0A200F1BA7F /* BinomialDistributionPMF.swift in Sources */ = {isa = PBXBuildFile; fileRef = 7FD49FE52649B0A200F1BA7F /* BinomialDistributionPMF.swift */; };
/* End PBXBuildFile section */

/* Begin PBXCopyFilesBuildPhase section */
		7FA3B335263EEEF900C57530 /* CopyFiles */ = {
			isa = PBXCopyFilesBuildPhase;
			buildActionMask = 2147483647;
			dstPath = /usr/share/man/man1/;
			dstSubfolderSpec = 0;
			files = (
			);
			runOnlyForDeploymentPostprocessing = 1;
		};
		7FA3B345263EEF2100C57530 /* Embed Frameworks */ = {
			isa = PBXCopyFilesBuildPhase;
			buildActionMask = 2147483647;
			dstPath = "";
			dstSubfolderSpec = 10;
			files = (
				7FA3B344263EEF2100C57530 /* StatisticalSwift.framework in Embed Frameworks */,
			);
			name = "Embed Frameworks";
			runOnlyForDeploymentPostprocessing = 0;
		};
/* End PBXCopyFilesBuildPhase section */

/* Begin PBXFileReference section */
		7F6A1880265A911000D7D8D8 /* ExponentialDistributionProbabilities.swift */ = {isa = PBXFileReference; lastKnownFileType = sourcecode.swift; path = ExponentialDistributionProbabilities.swift; sourceTree = "<group>"; };
		7F8AC600263F22110075B43F /* GeometricDistributionCDF.swift */ = {isa = PBXFileReference; lastKnownFileType = sourcecode.swift; path = GeometricDistributionCDF.swift; sourceTree = "<group>"; };
		7FA3B337263EEEF900C57530 /* Chapter3 */ = {isa = PBXFileReference; explicitFileType = "compiled.mach-o.executable"; includeInIndex = 0; path = Chapter3; sourceTree = BUILT_PRODUCTS_DIR; };
		7FA3B33A263EEEF900C57530 /* main.swift */ = {isa = PBXFileReference; lastKnownFileType = sourcecode.swift; path = main.swift; sourceTree = "<group>"; };
		7FA3B342263EEF2100C57530 /* StatisticalSwift.framework */ = {isa = PBXFileReference; explicitFileType = wrapper.framework; path = StatisticalSwift.framework; sourceTree = BUILT_PRODUCTS_DIR; };
		7FA3B346263EEF2C00C57530 /* Chapter3.entitlements */ = {isa = PBXFileReference; lastKnownFileType = text.plist.entitlements; path = Chapter3.entitlements; sourceTree = "<group>"; };
		7FA3B347263F148600C57530 /* BernoulliTrials.swift */ = {isa = PBXFileReference; lastKnownFileType = sourcecode.swift; path = BernoulliTrials.swift; sourceTree = "<group>"; };
		7FA3B349263F160B00C57530 /* GeometricDistributionPMF.swift */ = {isa = PBXFileReference; lastKnownFileType = sourcecode.swift; path = GeometricDistributionPMF.swift; sourceTree = "<group>"; };
		7FA60E6C266ABBB5000329FF /* NormalDistributionProbabilities.swift */ = {isa = PBXFileReference; lastKnownFileType = sourcecode.swift; path = NormalDistributionProbabilities.swift; sourceTree = "<group>"; };
		7FD49FE52649B0A200F1BA7F /* BinomialDistributionPMF.swift */ = {isa = PBXFileReference; lastKnownFileType = sourcecode.swift; path = BinomialDistributionPMF.swift; sourceTree = "<group>"; };
/* End PBXFileReference section */

/* Begin PBXFrameworksBuildPhase section */
		7FA3B334263EEEF900C57530 /* Frameworks */ = {
			isa = PBXFrameworksBuildPhase;
			buildActionMask = 2147483647;
			files = (
				7FA3B343263EEF2100C57530 /* StatisticalSwift.framework in Frameworks */,
			);
			runOnlyForDeploymentPostprocessing = 0;
		};
/* End PBXFrameworksBuildPhase section */

/* Begin PBXGroup section */
		7FA3B32E263EEEF900C57530 = {
			isa = PBXGroup;
			children = (
				7FA3B339263EEEF900C57530 /* Chapter3 */,
				7FA3B338263EEEF900C57530 /* Products */,
				7FA3B341263EEF2100C57530 /* Frameworks */,
			);
			sourceTree = "<group>";
		};
		7FA3B338263EEEF900C57530 /* Products */ = {
			isa = PBXGroup;
			children = (
				7FA3B337263EEEF900C57530 /* Chapter3 */,
			);
			name = Products;
			sourceTree = "<group>";
		};
		7FA3B339263EEEF900C57530 /* Chapter3 */ = {
			isa = PBXGroup;
			children = (
				7FA3B346263EEF2C00C57530 /* Chapter3.entitlements */,
				7FA3B33A263EEEF900C57530 /* main.swift */,
				7FA3B349263F160B00C57530 /* GeometricDistributionPMF.swift */,
				7F8AC600263F22110075B43F /* GeometricDistributionCDF.swift */,
				7FD49FE52649B0A200F1BA7F /* BinomialDistributionPMF.swift */,
				7FA3B347263F148600C57530 /* BernoulliTrials.swift */,
				7F6A1880265A911000D7D8D8 /* ExponentialDistributionProbabilities.swift */,
				7FA60E6C266ABBB5000329FF /* NormalDistributionProbabilities.swift */,
			);
			path = Chapter3;
			sourceTree = "<group>";
		};
		7FA3B341263EEF2100C57530 /* Frameworks */ = {
			isa = PBXGroup;
			children = (
				7FA3B342263EEF2100C57530 /* StatisticalSwift.framework */,
			);
			name = Frameworks;
			sourceTree = "<group>";
		};
/* End PBXGroup section */

/* Begin PBXNativeTarget section */
		7FA3B336263EEEF900C57530 /* Chapter3 */ = {
			isa = PBXNativeTarget;
			buildConfigurationList = 7FA3B33E263EEEF900C57530 /* Build configuration list for PBXNativeTarget "Chapter3" */;
			buildPhases = (
				7FA3B333263EEEF900C57530 /* Sources */,
				7FA3B334263EEEF900C57530 /* Frameworks */,
				7FA3B335263EEEF900C57530 /* CopyFiles */,
				7FA3B345263EEF2100C57530 /* Embed Frameworks */,
			);
			buildRules = (
			);
			dependencies = (
			);
			name = Chapter3;
			productName = Chapter3;
			productReference = 7FA3B337263EEEF900C57530 /* Chapter3 */;
			productType = "com.apple.product-type.tool";
		};
/* End PBXNativeTarget section */

/* Begin PBXProject section */
		7FA3B32F263EEEF900C57530 /* Project object */ = {
			isa = PBXProject;
			attributes = {
				LastSwiftUpdateCheck = 1250;
				LastUpgradeCheck = 1250;
				TargetAttributes = {
					7FA3B336263EEEF900C57530 = {
						CreatedOnToolsVersion = 12.5;
					};
				};
			};
			buildConfigurationList = 7FA3B332263EEEF900C57530 /* Build configuration list for PBXProject "Chapter3" */;
			compatibilityVersion = "Xcode 9.3";
			developmentRegion = en;
			hasScannedForEncodings = 0;
			knownRegions = (
				en,
				Base,
			);
			mainGroup = 7FA3B32E263EEEF900C57530;
			productRefGroup = 7FA3B338263EEEF900C57530 /* Products */;
			projectDirPath = "";
			projectRoot = "";
			targets = (
				7FA3B336263EEEF900C57530 /* Chapter3 */,
			);
		};
/* End PBXProject section */

/* Begin PBXSourcesBuildPhase section */
		7FA3B333263EEEF900C57530 /* Sources */ = {
			isa = PBXSourcesBuildPhase;
			buildActionMask = 2147483647;
			files = (
				7FA3B34A263F160B00C57530 /* GeometricDistributionPMF.swift in Sources */,
				7F8AC601263F22110075B43F /* GeometricDistributionCDF.swift in Sources */,
				7FA3B33B263EEEF900C57530 /* main.swift in Sources */,
				7FA60E6D266ABBB5000329FF /* NormalDistributionProbabilities.swift in Sources */,
				7FA3B348263F148600C57530 /* BernoulliTrials.swift in Sources */,
				7FD49FE62649B0A200F1BA7F /* BinomialDistributionPMF.swift in Sources */,
				7F6A1881265A911000D7D8D8 /* ExponentialDistributionProbabilities.swift in Sources */,
			);
			runOnlyForDeploymentPostprocessing = 0;
		};
/* End PBXSourcesBuildPhase section */

/* Begin XCBuildConfiguration section */
		7FA3B33C263EEEF900C57530 /* Debug */ = {
			isa = XCBuildConfiguration;
			buildSettings = {
				ALWAYS_SEARCH_USER_PATHS = NO;
				CLANG_ANALYZER_NONNULL = YES;
				CLANG_ANALYZER_NUMBER_OBJECT_CONVERSION = YES_AGGRESSIVE;
				CLANG_CXX_LANGUAGE_STANDARD = "gnu++14";
				CLANG_CXX_LIBRARY = "libc++";
				CLANG_ENABLE_MODULES = YES;
				CLANG_ENABLE_OBJC_ARC = YES;
				CLANG_ENABLE_OBJC_WEAK = YES;
				CLANG_WARN_BLOCK_CAPTURE_AUTORELEASING = YES;
				CLANG_WARN_BOOL_CONVERSION = YES;
				CLANG_WARN_COMMA = YES;
				CLANG_WARN_CONSTANT_CONVERSION = YES;
				CLANG_WARN_DEPRECATED_OBJC_IMPLEMENTATIONS = YES;
				CLANG_WARN_DIRECT_OBJC_ISA_USAGE = YES_ERROR;
				CLANG_WARN_DOCUMENTATION_COMMENTS = YES;
				CLANG_WARN_EMPTY_BODY = YES;
				CLANG_WARN_ENUM_CONVERSION = YES;
				CLANG_WARN_INFINITE_RECURSION = YES;
				CLANG_WARN_INT_CONVERSION = YES;
				CLANG_WARN_NON_LITERAL_NULL_CONVERSION = YES;
				CLANG_WARN_OBJC_IMPLICIT_RETAIN_SELF = YES;
				CLANG_WARN_OBJC_LITERAL_CONVERSION = YES;
				CLANG_WARN_OBJC_ROOT_CLASS = YES_ERROR;
				CLANG_WARN_QUOTED_INCLUDE_IN_FRAMEWORK_HEADER = YES;
				CLANG_WARN_RANGE_LOOP_ANALYSIS = YES;
				CLANG_WARN_STRICT_PROTOTYPES = YES;
				CLANG_WARN_SUSPICIOUS_MOVE = YES;
				CLANG_WARN_UNGUARDED_AVAILABILITY = YES_AGGRESSIVE;
				CLANG_WARN_UNREACHABLE_CODE = YES;
				CLANG_WARN__DUPLICATE_METHOD_MATCH = YES;
				COPY_PHASE_STRIP = NO;
				DEBUG_INFORMATION_FORMAT = dwarf;
				ENABLE_STRICT_OBJC_MSGSEND = YES;
				ENABLE_TESTABILITY = YES;
				GCC_C_LANGUAGE_STANDARD = gnu11;
				GCC_DYNAMIC_NO_PIC = NO;
				GCC_NO_COMMON_BLOCKS = YES;
				GCC_OPTIMIZATION_LEVEL = 0;
				GCC_PREPROCESSOR_DEFINITIONS = (
					"DEBUG=1",
					"$(inherited)",
				);
				GCC_WARN_64_TO_32_BIT_CONVERSION = YES;
				GCC_WARN_ABOUT_RETURN_TYPE = YES_ERROR;
				GCC_WARN_UNDECLARED_SELECTOR = YES;
				GCC_WARN_UNINITIALIZED_AUTOS = YES_AGGRESSIVE;
				GCC_WARN_UNUSED_FUNCTION = YES;
				GCC_WARN_UNUSED_VARIABLE = YES;
				MACOSX_DEPLOYMENT_TARGET = 11.3;
				MTL_ENABLE_DEBUG_INFO = INCLUDE_SOURCE;
				MTL_FAST_MATH = YES;
				ONLY_ACTIVE_ARCH = YES;
				SDKROOT = macosx;
				SWIFT_ACTIVE_COMPILATION_CONDITIONS = DEBUG;
				SWIFT_OPTIMIZATION_LEVEL = "-Onone";
			};
			name = Debug;
		};
		7FA3B33D263EEEF900C57530 /* Release */ = {
			isa = XCBuildConfiguration;
			buildSettings = {
				ALWAYS_SEARCH_USER_PATHS = NO;
				CLANG_ANALYZER_NONNULL = YES;
				CLANG_ANALYZER_NUMBER_OBJECT_CONVERSION = YES_AGGRESSIVE;
				CLANG_CXX_LANGUAGE_STANDARD = "gnu++14";
				CLANG_CXX_LIBRARY = "libc++";
				CLANG_ENABLE_MODULES = YES;
				CLANG_ENABLE_OBJC_ARC = YES;
				CLANG_ENABLE_OBJC_WEAK = YES;
				CLANG_WARN_BLOCK_CAPTURE_AUTORELEASING = YES;
				CLANG_WARN_BOOL_CONVERSION = YES;
				CLANG_WARN_COMMA = YES;
				CLANG_WARN_CONSTANT_CONVERSION = YES;
				CLANG_WARN_DEPRECATED_OBJC_IMPLEMENTATIONS = YES;
				CLANG_WARN_DIRECT_OBJC_ISA_USAGE = YES_ERROR;
				CLANG_WARN_DOCUMENTATION_COMMENTS = YES;
				CLANG_WARN_EMPTY_BODY = YES;
				CLANG_WARN_ENUM_CONVERSION = YES;
				CLANG_WARN_INFINITE_RECURSION = YES;
				CLANG_WARN_INT_CONVERSION = YES;
				CLANG_WARN_NON_LITERAL_NULL_CONVERSION = YES;
				CLANG_WARN_OBJC_IMPLICIT_RETAIN_SELF = YES;
				CLANG_WARN_OBJC_LITERAL_CONVERSION = YES;
				CLANG_WARN_OBJC_ROOT_CLASS = YES_ERROR;
				CLANG_WARN_QUOTED_INCLUDE_IN_FRAMEWORK_HEADER = YES;
				CLANG_WARN_RANGE_LOOP_ANALYSIS = YES;
				CLANG_WARN_STRICT_PROTOTYPES = YES;
				CLANG_WARN_SUSPICIOUS_MOVE = YES;
				CLANG_WARN_UNGUARDED_AVAILABILITY = YES_AGGRESSIVE;
				CLANG_WARN_UNREACHABLE_CODE = YES;
				CLANG_WARN__DUPLICATE_METHOD_MATCH = YES;
				COPY_PHASE_STRIP = NO;
				DEBUG_INFORMATION_FORMAT = "dwarf-with-dsym";
				ENABLE_NS_ASSERTIONS = NO;
				ENABLE_STRICT_OBJC_MSGSEND = YES;
				GCC_C_LANGUAGE_STANDARD = gnu11;
				GCC_NO_COMMON_BLOCKS = YES;
				GCC_WARN_64_TO_32_BIT_CONVERSION = YES;
				GCC_WARN_ABOUT_RETURN_TYPE = YES_ERROR;
				GCC_WARN_UNDECLARED_SELECTOR = YES;
				GCC_WARN_UNINITIALIZED_AUTOS = YES_AGGRESSIVE;
				GCC_WARN_UNUSED_FUNCTION = YES;
				GCC_WARN_UNUSED_VARIABLE = YES;
				MACOSX_DEPLOYMENT_TARGET = 11.3;
				MTL_ENABLE_DEBUG_INFO = NO;
				MTL_FAST_MATH = YES;
				SDKROOT = macosx;
				SWIFT_COMPILATION_MODE = wholemodule;
				SWIFT_OPTIMIZATION_LEVEL = "-O";
			};
			name = Release;
		};
		7FA3B33F263EEEF900C57530 /* Debug */ = {
			isa = XCBuildConfiguration;
			buildSettings = {
				CODE_SIGN_ENTITLEMENTS = Chapter3/Chapter3.entitlements;
				CODE_SIGN_STYLE = Automatic;
				PRODUCT_NAME = "$(TARGET_NAME)";
				SWIFT_VERSION = 5.0;
			};
			name = Debug;
		};
		7FA3B340263EEEF900C57530 /* Release */ = {
			isa = XCBuildConfiguration;
			buildSettings = {
				CODE_SIGN_ENTITLEMENTS = Chapter3/Chapter3.entitlements;
				CODE_SIGN_STYLE = Automatic;
				PRODUCT_NAME = "$(TARGET_NAME)";
				SWIFT_VERSION = 5.0;
			};
			name = Release;
		};
/* End XCBuildConfiguration section */

/* Begin XCConfigurationList section */
		7FA3B332263EEEF900C57530 /* Build configuration list for PBXProject "Chapter3" */ = {
			isa = XCConfigurationList;
			buildConfigurations = (
				7FA3B33C263EEEF900C57530 /* Debug */,
				7FA3B33D263EEEF900C57530 /* Release */,
			);
			defaultConfigurationIsVisible = 0;
			defaultConfigurationName = Release;
		};
		7FA3B33E263EEEF900C57530 /* Build configuration list for PBXNativeTarget "Chapter3" */ = {
			isa = XCConfigurationList;
			buildConfigurations = (
				7FA3B33F263EEEF900C57530 /* Debug */,
				7FA3B340263EEEF900C57530 /* Release */,
			);
			defaultConfigurationIsVisible = 0;
			defaultConfigurationName = Release;
		};
/* End XCConfigurationList section */
	};
	rootObject = 7FA3B32F263EEEF900C57530 /* Project object */;
}
